// !$*UTF8*$!
{
	archiveVersion = 1;
	classes = {
	};
	objectVersion = 55;
	objects = {

/* Begin PBXBuildFile section */
		FA6991C028DC2CA90023FDE1 /* TableViewExtension.swift in Sources */ = {isa = PBXBuildFile; fileRef = FA6991BF28DC2CA90023FDE1 /* TableViewExtension.swift */; };
		FA8FF2E628D9F0990047B76C /* AppDelegate.swift in Sources */ = {isa = PBXBuildFile; fileRef = FA8FF2E528D9F0990047B76C /* AppDelegate.swift */; };
		FA8FF2E828D9F0990047B76C /* SceneDelegate.swift in Sources */ = {isa = PBXBuildFile; fileRef = FA8FF2E728D9F0990047B76C /* SceneDelegate.swift */; };
		FA8FF2EA28D9F0990047B76C /* ViewController.swift in Sources */ = {isa = PBXBuildFile; fileRef = FA8FF2E928D9F0990047B76C /* ViewController.swift */; };
		FA8FF2ED28D9F0990047B76C /* Main.storyboard in Resources */ = {isa = PBXBuildFile; fileRef = FA8FF2EB28D9F0990047B76C /* Main.storyboard */; };
		FA8FF2EF28D9F0A10047B76C /* Assets.xcassets in Resources */ = {isa = PBXBuildFile; fileRef = FA8FF2EE28D9F0A10047B76C /* Assets.xcassets */; };
		FA8FF2F228D9F0A10047B76C /* LaunchScreen.storyboard in Resources */ = {isa = PBXBuildFile; fileRef = FA8FF2F028D9F0A10047B76C /* LaunchScreen.storyboard */; };
		FA8FF2FD28D9F0A20047B76C /* Futurance_testcaseTests.swift in Sources */ = {isa = PBXBuildFile; fileRef = FA8FF2FC28D9F0A20047B76C /* Futurance_testcaseTests.swift */; };
		FA8FF30728D9F0A20047B76C /* Futurance_testcaseUITests.swift in Sources */ = {isa = PBXBuildFile; fileRef = FA8FF30628D9F0A20047B76C /* Futurance_testcaseUITests.swift */; };
		FA8FF30928D9F0A20047B76C /* Futurance_testcaseUITestsLaunchTests.swift in Sources */ = {isa = PBXBuildFile; fileRef = FA8FF30828D9F0A20047B76C /* Futurance_testcaseUITestsLaunchTests.swift */; };
		FA8FF31828DA29110047B76C /* Response.swift in Sources */ = {isa = PBXBuildFile; fileRef = FA8FF31728DA29110047B76C /* Response.swift */; };
		FA8FF31A28DA31690047B76C /* CoinManager.swift in Sources */ = {isa = PBXBuildFile; fileRef = FA8FF31928DA31690047B76C /* CoinManager.swift */; };
		FA8FF31C28DA48990047B76C /* CurrencyModel.swift in Sources */ = {isa = PBXBuildFile; fileRef = FA8FF31B28DA48990047B76C /* CurrencyModel.swift */; };
		FA8FF32028DA4CDB0047B76C /* AppSetting.swift in Sources */ = {isa = PBXBuildFile; fileRef = FA8FF31F28DA4CDB0047B76C /* AppSetting.swift */; };
		FA8FF32228DA4D680047B76C /* ApiService.swift in Sources */ = {isa = PBXBuildFile; fileRef = FA8FF32128DA4D680047B76C /* ApiService.swift */; };
		FA8FF32628DA5F590047B76C /* TableViewCell.swift in Sources */ = {isa = PBXBuildFile; fileRef = FA8FF32528DA5F590047B76C /* TableViewCell.swift */; };
		FAD5CD5B28DB1DF500FFFB99 /* UIViewExtension.swift in Sources */ = {isa = PBXBuildFile; fileRef = FAD5CD5A28DB1DF500FFFB99 /* UIViewExtension.swift */; };
/* End PBXBuildFile section */

/* Begin PBXContainerItemProxy section */
		FA8FF2F928D9F0A20047B76C /* PBXContainerItemProxy */ = {
			isa = PBXContainerItemProxy;
			containerPortal = FA8FF2DA28D9F0990047B76C /* Project object */;
			proxyType = 1;
			remoteGlobalIDString = FA8FF2E128D9F0990047B76C;
			remoteInfo = Futurance_testcase;
		};
		FA8FF30328D9F0A20047B76C /* PBXContainerItemProxy */ = {
			isa = PBXContainerItemProxy;
			containerPortal = FA8FF2DA28D9F0990047B76C /* Project object */;
			proxyType = 1;
			remoteGlobalIDString = FA8FF2E128D9F0990047B76C;
			remoteInfo = Futurance_testcase;
		};
/* End PBXContainerItemProxy section */

/* Begin PBXFileReference section */
		FA6991BF28DC2CA90023FDE1 /* TableViewExtension.swift */ = {isa = PBXFileReference; lastKnownFileType = sourcecode.swift; path = TableViewExtension.swift; sourceTree = "<group>"; };
		FA8FF2E228D9F0990047B76C /* Futurance_testcase.app */ = {isa = PBXFileReference; explicitFileType = wrapper.application; includeInIndex = 0; path = Futurance_testcase.app; sourceTree = BUILT_PRODUCTS_DIR; };
		FA8FF2E528D9F0990047B76C /* AppDelegate.swift */ = {isa = PBXFileReference; lastKnownFileType = sourcecode.swift; path = AppDelegate.swift; sourceTree = "<group>"; };
		FA8FF2E728D9F0990047B76C /* SceneDelegate.swift */ = {isa = PBXFileReference; lastKnownFileType = sourcecode.swift; path = SceneDelegate.swift; sourceTree = "<group>"; };
		FA8FF2E928D9F0990047B76C /* ViewController.swift */ = {isa = PBXFileReference; lastKnownFileType = sourcecode.swift; path = ViewController.swift; sourceTree = "<group>"; };
		FA8FF2EC28D9F0990047B76C /* Base */ = {isa = PBXFileReference; lastKnownFileType = file.storyboard; name = Base; path = Base.lproj/Main.storyboard; sourceTree = "<group>"; };
		FA8FF2EE28D9F0A10047B76C /* Assets.xcassets */ = {isa = PBXFileReference; lastKnownFileType = folder.assetcatalog; path = Assets.xcassets; sourceTree = "<group>"; };
		FA8FF2F128D9F0A10047B76C /* Base */ = {isa = PBXFileReference; lastKnownFileType = file.storyboard; name = Base; path = Base.lproj/LaunchScreen.storyboard; sourceTree = "<group>"; };
		FA8FF2F328D9F0A10047B76C /* Info.plist */ = {isa = PBXFileReference; lastKnownFileType = text.plist.xml; path = Info.plist; sourceTree = "<group>"; };
		FA8FF2F828D9F0A20047B76C /* Futurance_testcaseTests.xctest */ = {isa = PBXFileReference; explicitFileType = wrapper.cfbundle; includeInIndex = 0; path = Futurance_testcaseTests.xctest; sourceTree = BUILT_PRODUCTS_DIR; };
		FA8FF2FC28D9F0A20047B76C /* Futurance_testcaseTests.swift */ = {isa = PBXFileReference; lastKnownFileType = sourcecode.swift; path = Futurance_testcaseTests.swift; sourceTree = "<group>"; };
		FA8FF30228D9F0A20047B76C /* Futurance_testcaseUITests.xctest */ = {isa = PBXFileReference; explicitFileType = wrapper.cfbundle; includeInIndex = 0; path = Futurance_testcaseUITests.xctest; sourceTree = BUILT_PRODUCTS_DIR; };
		FA8FF30628D9F0A20047B76C /* Futurance_testcaseUITests.swift */ = {isa = PBXFileReference; lastKnownFileType = sourcecode.swift; path = Futurance_testcaseUITests.swift; sourceTree = "<group>"; };
		FA8FF30828D9F0A20047B76C /* Futurance_testcaseUITestsLaunchTests.swift */ = {isa = PBXFileReference; lastKnownFileType = sourcecode.swift; path = Futurance_testcaseUITestsLaunchTests.swift; sourceTree = "<group>"; };
		FA8FF31728DA29110047B76C /* Response.swift */ = {isa = PBXFileReference; lastKnownFileType = sourcecode.swift; path = Response.swift; sourceTree = "<group>"; };
		FA8FF31928DA31690047B76C /* CoinManager.swift */ = {isa = PBXFileReference; lastKnownFileType = sourcecode.swift; path = CoinManager.swift; sourceTree = "<group>"; };
		FA8FF31B28DA48990047B76C /* CurrencyModel.swift */ = {isa = PBXFileReference; lastKnownFileType = sourcecode.swift; path = CurrencyModel.swift; sourceTree = "<group>"; };
		FA8FF31F28DA4CDB0047B76C /* AppSetting.swift */ = {isa = PBXFileReference; lastKnownFileType = sourcecode.swift; path = AppSetting.swift; sourceTree = "<group>"; };
		FA8FF32128DA4D680047B76C /* ApiService.swift */ = {isa = PBXFileReference; lastKnownFileType = sourcecode.swift; path = ApiService.swift; sourceTree = "<group>"; };
		FA8FF32528DA5F590047B76C /* TableViewCell.swift */ = {isa = PBXFileReference; lastKnownFileType = sourcecode.swift; path = TableViewCell.swift; sourceTree = "<group>"; };
		FAD5CD5A28DB1DF500FFFB99 /* UIViewExtension.swift */ = {isa = PBXFileReference; lastKnownFileType = sourcecode.swift; path = UIViewExtension.swift; sourceTree = "<group>"; };
/* End PBXFileReference section */

/* Begin PBXFrameworksBuildPhase section */
		FA8FF2DF28D9F0990047B76C /* Frameworks */ = {
			isa = PBXFrameworksBuildPhase;
			buildActionMask = 2147483647;
			files = (
			);
			runOnlyForDeploymentPostprocessing = 0;
		};
		FA8FF2F528D9F0A20047B76C /* Frameworks */ = {
			isa = PBXFrameworksBuildPhase;
			buildActionMask = 2147483647;
			files = (
			);
			runOnlyForDeploymentPostprocessing = 0;
		};
		FA8FF2FF28D9F0A20047B76C /* Frameworks */ = {
			isa = PBXFrameworksBuildPhase;
			buildActionMask = 2147483647;
			files = (
			);
			runOnlyForDeploymentPostprocessing = 0;
		};
/* End PBXFrameworksBuildPhase section */

/* Begin PBXGroup section */
		FA8FF2D928D9F0990047B76C = {
			isa = PBXGroup;
			children = (
				FA8FF2E428D9F0990047B76C /* Futurance_testcase */,
				FA8FF2FB28D9F0A20047B76C /* Futurance_testcaseTests */,
				FA8FF30528D9F0A20047B76C /* Futurance_testcaseUITests */,
				FA8FF2E328D9F0990047B76C /* Products */,
			);
			sourceTree = "<group>";
		};
		FA8FF2E328D9F0990047B76C /* Products */ = {
			isa = PBXGroup;
			children = (
				FA8FF2E228D9F0990047B76C /* Futurance_testcase.app */,
				FA8FF2F828D9F0A20047B76C /* Futurance_testcaseTests.xctest */,
				FA8FF30228D9F0A20047B76C /* Futurance_testcaseUITests.xctest */,
			);
			name = Products;
			sourceTree = "<group>";
		};
		FA8FF2E428D9F0990047B76C /* Futurance_testcase */ = {
			isa = PBXGroup;
			children = (
				FA8FF2E528D9F0990047B76C /* AppDelegate.swift */,
				FA8FF2E728D9F0990047B76C /* SceneDelegate.swift */,
				FA8FF2EB28D9F0990047B76C /* Main.storyboard */,
				FA8FF2E928D9F0990047B76C /* ViewController.swift */,
				FA8FF32128DA4D680047B76C /* ApiService.swift */,
				FA8FF32528DA5F590047B76C /* TableViewCell.swift */,
				FA8FF31B28DA48990047B76C /* CurrencyModel.swift */,
				FA8FF31728DA29110047B76C /* Response.swift */,
				FA8FF31928DA31690047B76C /* CoinManager.swift */,
				FA8FF31F28DA4CDB0047B76C /* AppSetting.swift */,
				FA8FF2F328D9F0A10047B76C /* Info.plist */,
				FA8FF2F028D9F0A10047B76C /* LaunchScreen.storyboard */,
				FA8FF2EE28D9F0A10047B76C /* Assets.xcassets */,
				FAD5CD5A28DB1DF500FFFB99 /* UIViewExtension.swift */,
				FA6991BF28DC2CA90023FDE1 /* TableViewExtension.swift */,
			);
			path = Futurance_testcase;
			sourceTree = "<group>";
		};
		FA8FF2FB28D9F0A20047B76C /* Futurance_testcaseTests */ = {
			isa = PBXGroup;
			children = (
				FA8FF2FC28D9F0A20047B76C /* Futurance_testcaseTests.swift */,
			);
			path = Futurance_testcaseTests;
			sourceTree = "<group>";
		};
		FA8FF30528D9F0A20047B76C /* Futurance_testcaseUITests */ = {
			isa = PBXGroup;
			children = (
				FA8FF30628D9F0A20047B76C /* Futurance_testcaseUITests.swift */,
				FA8FF30828D9F0A20047B76C /* Futurance_testcaseUITestsLaunchTests.swift */,
			);
			path = Futurance_testcaseUITests;
			sourceTree = "<group>";
		};
/* End PBXGroup section */

/* Begin PBXNativeTarget section */
		FA8FF2E128D9F0990047B76C /* Futurance_testcase */ = {
			isa = PBXNativeTarget;
			buildConfigurationList = FA8FF30C28D9F0A20047B76C /* Build configuration list for PBXNativeTarget "Futurance_testcase" */;
			buildPhases = (
				FA8FF2DE28D9F0990047B76C /* Sources */,
				FA8FF2DF28D9F0990047B76C /* Frameworks */,
				FA8FF2E028D9F0990047B76C /* Resources */,
			);
			buildRules = (
			);
			dependencies = (
			);
			name = Futurance_testcase;
			productName = Futurance_testcase;
			productReference = FA8FF2E228D9F0990047B76C /* Futurance_testcase.app */;
			productType = "com.apple.product-type.application";
		};
		FA8FF2F728D9F0A20047B76C /* Futurance_testcaseTests */ = {
			isa = PBXNativeTarget;
			buildConfigurationList = FA8FF30F28D9F0A20047B76C /* Build configuration list for PBXNativeTarget "Futurance_testcaseTests" */;
			buildPhases = (
				FA8FF2F428D9F0A20047B76C /* Sources */,
				FA8FF2F528D9F0A20047B76C /* Frameworks */,
				FA8FF2F628D9F0A20047B76C /* Resources */,
			);
			buildRules = (
			);
			dependencies = (
				FA8FF2FA28D9F0A20047B76C /* PBXTargetDependency */,
			);
			name = Futurance_testcaseTests;
			productName = Futurance_testcaseTests;
			productReference = FA8FF2F828D9F0A20047B76C /* Futurance_testcaseTests.xctest */;
			productType = "com.apple.product-type.bundle.unit-test";
		};
		FA8FF30128D9F0A20047B76C /* Futurance_testcaseUITests */ = {
			isa = PBXNativeTarget;
			buildConfigurationList = FA8FF31228D9F0A20047B76C /* Build configuration list for PBXNativeTarget "Futurance_testcaseUITests" */;
			buildPhases = (
				FA8FF2FE28D9F0A20047B76C /* Sources */,
				FA8FF2FF28D9F0A20047B76C /* Frameworks */,
				FA8FF30028D9F0A20047B76C /* Resources */,
			);
			buildRules = (
			);
			dependencies = (
				FA8FF30428D9F0A20047B76C /* PBXTargetDependency */,
			);
			name = Futurance_testcaseUITests;
			productName = Futurance_testcaseUITests;
			productReference = FA8FF30228D9F0A20047B76C /* Futurance_testcaseUITests.xctest */;
			productType = "com.apple.product-type.bundle.ui-testing";
		};
/* End PBXNativeTarget section */

/* Begin PBXProject section */
		FA8FF2DA28D9F0990047B76C /* Project object */ = {
			isa = PBXProject;
			attributes = {
				BuildIndependentTargetsInParallel = 1;
				LastSwiftUpdateCheck = 1340;
				LastUpgradeCheck = 1340;
				TargetAttributes = {
					FA8FF2E128D9F0990047B76C = {
						CreatedOnToolsVersion = 13.4.1;
					};
					FA8FF2F728D9F0A20047B76C = {
						CreatedOnToolsVersion = 13.4.1;
						TestTargetID = FA8FF2E128D9F0990047B76C;
					};
					FA8FF30128D9F0A20047B76C = {
						CreatedOnToolsVersion = 13.4.1;
						TestTargetID = FA8FF2E128D9F0990047B76C;
					};
				};
			};
			buildConfigurationList = FA8FF2DD28D9F0990047B76C /* Build configuration list for PBXProject "Futurance_testcase" */;
			compatibilityVersion = "Xcode 13.0";
			developmentRegion = en;
			hasScannedForEncodings = 0;
			knownRegions = (
				en,
				Base,
			);
			mainGroup = FA8FF2D928D9F0990047B76C;
			productRefGroup = FA8FF2E328D9F0990047B76C /* Products */;
			projectDirPath = "";
			projectRoot = "";
			targets = (
				FA8FF2E128D9F0990047B76C /* Futurance_testcase */,
				FA8FF2F728D9F0A20047B76C /* Futurance_testcaseTests */,
				FA8FF30128D9F0A20047B76C /* Futurance_testcaseUITests */,
			);
		};
/* End PBXProject section */

/* Begin PBXResourcesBuildPhase section */
		FA8FF2E028D9F0990047B76C /* Resources */ = {
			isa = PBXResourcesBuildPhase;
			buildActionMask = 2147483647;
			files = (
				FA8FF2F228D9F0A10047B76C /* LaunchScreen.storyboard in Resources */,
				FA8FF2EF28D9F0A10047B76C /* Assets.xcassets in Resources */,
				FA8FF2ED28D9F0990047B76C /* Main.storyboard in Resources */,
			);
			runOnlyForDeploymentPostprocessing = 0;
		};
		FA8FF2F628D9F0A20047B76C /* Resources */ = {
			isa = PBXResourcesBuildPhase;
			buildActionMask = 2147483647;
			files = (
			);
			runOnlyForDeploymentPostprocessing = 0;
		};
		FA8FF30028D9F0A20047B76C /* Resources */ = {
			isa = PBXResourcesBuildPhase;
			buildActionMask = 2147483647;
			files = (
			);
			runOnlyForDeploymentPostprocessing = 0;
		};
/* End PBXResourcesBuildPhase section */

/* Begin PBXSourcesBuildPhase section */
		FA8FF2DE28D9F0990047B76C /* Sources */ = {
			isa = PBXSourcesBuildPhase;
			buildActionMask = 2147483647;
			files = (
				FAD5CD5B28DB1DF500FFFB99 /* UIViewExtension.swift in Sources */,
				FA8FF31828DA29110047B76C /* Response.swift in Sources */,
				FA8FF2EA28D9F0990047B76C /* ViewController.swift in Sources */,
				FA8FF32028DA4CDB0047B76C /* AppSetting.swift in Sources */,
				FA8FF2E628D9F0990047B76C /* AppDelegate.swift in Sources */,
				FA6991C028DC2CA90023FDE1 /* TableViewExtension.swift in Sources */,
				FA8FF2E828D9F0990047B76C /* SceneDelegate.swift in Sources */,
				FA8FF32628DA5F590047B76C /* TableViewCell.swift in Sources */,
				FA8FF31C28DA48990047B76C /* CurrencyModel.swift in Sources */,
				FA8FF32228DA4D680047B76C /* ApiService.swift in Sources */,
				FA8FF31A28DA31690047B76C /* CoinManager.swift in Sources */,
			);
			runOnlyForDeploymentPostprocessing = 0;
		};
		FA8FF2F428D9F0A20047B76C /* Sources */ = {
			isa = PBXSourcesBuildPhase;
			buildActionMask = 2147483647;
			files = (
				FA8FF2FD28D9F0A20047B76C /* Futurance_testcaseTests.swift in Sources */,
			);
			runOnlyForDeploymentPostprocessing = 0;
		};
		FA8FF2FE28D9F0A20047B76C /* Sources */ = {
			isa = PBXSourcesBuildPhase;
			buildActionMask = 2147483647;
			files = (
				FA8FF30928D9F0A20047B76C /* Futurance_testcaseUITestsLaunchTests.swift in Sources */,
				FA8FF30728D9F0A20047B76C /* Futurance_testcaseUITests.swift in Sources */,
			);
			runOnlyForDeploymentPostprocessing = 0;
		};
/* End PBXSourcesBuildPhase section */

/* Begin PBXTargetDependency section */
		FA8FF2FA28D9F0A20047B76C /* PBXTargetDependency */ = {
			isa = PBXTargetDependency;
			target = FA8FF2E128D9F0990047B76C /* Futurance_testcase */;
			targetProxy = FA8FF2F928D9F0A20047B76C /* PBXContainerItemProxy */;
		};
		FA8FF30428D9F0A20047B76C /* PBXTargetDependency */ = {
			isa = PBXTargetDependency;
			target = FA8FF2E128D9F0990047B76C /* Futurance_testcase */;
			targetProxy = FA8FF30328D9F0A20047B76C /* PBXContainerItemProxy */;
		};
/* End PBXTargetDependency section */

/* Begin PBXVariantGroup section */
		FA8FF2EB28D9F0990047B76C /* Main.storyboard */ = {
			isa = PBXVariantGroup;
			children = (
				FA8FF2EC28D9F0990047B76C /* Base */,
			);
			name = Main.storyboard;
			sourceTree = "<group>";
		};
		FA8FF2F028D9F0A10047B76C /* LaunchScreen.storyboard */ = {
			isa = PBXVariantGroup;
			children = (
				FA8FF2F128D9F0A10047B76C /* Base */,
			);
			name = LaunchScreen.storyboard;
			sourceTree = "<group>";
		};
/* End PBXVariantGroup section */

/* Begin XCBuildConfiguration section */
		FA8FF30A28D9F0A20047B76C /* Debug */ = {
			isa = XCBuildConfiguration;
			buildSettings = {
				ALWAYS_SEARCH_USER_PATHS = NO;
				CLANG_ANALYZER_NONNULL = YES;
				CLANG_ANALYZER_NUMBER_OBJECT_CONVERSION = YES_AGGRESSIVE;
				CLANG_CXX_LANGUAGE_STANDARD = "gnu++17";
				CLANG_ENABLE_MODULES = YES;
				CLANG_ENABLE_OBJC_ARC = YES;
				CLANG_ENABLE_OBJC_WEAK = YES;
				CLANG_WARN_BLOCK_CAPTURE_AUTORELEASING = YES;
				CLANG_WARN_BOOL_CONVERSION = YES;
				CLANG_WARN_COMMA = YES;
				CLANG_WARN_CONSTANT_CONVERSION = YES;
				CLANG_WARN_DEPRECATED_OBJC_IMPLEMENTATIONS = YES;
				CLANG_WARN_DIRECT_OBJC_ISA_USAGE = YES_ERROR;
				CLANG_WARN_DOCUMENTATION_COMMENTS = YES;
				CLANG_WARN_EMPTY_BODY = YES;
				CLANG_WARN_ENUM_CONVERSION = YES;
				CLANG_WARN_INFINITE_RECURSION = YES;
				CLANG_WARN_INT_CONVERSION = YES;
				CLANG_WARN_NON_LITERAL_NULL_CONVERSION = YES;
				CLANG_WARN_OBJC_IMPLICIT_RETAIN_SELF = YES;
				CLANG_WARN_OBJC_LITERAL_CONVERSION = YES;
				CLANG_WARN_OBJC_ROOT_CLASS = YES_ERROR;
				CLANG_WARN_QUOTED_INCLUDE_IN_FRAMEWORK_HEADER = YES;
				CLANG_WARN_RANGE_LOOP_ANALYSIS = YES;
				CLANG_WARN_STRICT_PROTOTYPES = YES;
				CLANG_WARN_SUSPICIOUS_MOVE = YES;
				CLANG_WARN_UNGUARDED_AVAILABILITY = YES_AGGRESSIVE;
				CLANG_WARN_UNREACHABLE_CODE = YES;
				CLANG_WARN__DUPLICATE_METHOD_MATCH = YES;
				COPY_PHASE_STRIP = NO;
				DEBUG_INFORMATION_FORMAT = dwarf;
				ENABLE_STRICT_OBJC_MSGSEND = YES;
				ENABLE_TESTABILITY = YES;
				GCC_C_LANGUAGE_STANDARD = gnu11;
				GCC_DYNAMIC_NO_PIC = NO;
				GCC_NO_COMMON_BLOCKS = YES;
				GCC_OPTIMIZATION_LEVEL = 0;
				GCC_PREPROCESSOR_DEFINITIONS = (
					"DEBUG=1",
					"$(inherited)",
				);
				GCC_WARN_64_TO_32_BIT_CONVERSION = YES;
				GCC_WARN_ABOUT_RETURN_TYPE = YES_ERROR;
				GCC_WARN_UNDECLARED_SELECTOR = YES;
				GCC_WARN_UNINITIALIZED_AUTOS = YES_AGGRESSIVE;
				GCC_WARN_UNUSED_FUNCTION = YES;
				GCC_WARN_UNUSED_VARIABLE = YES;
				IPHONEOS_DEPLOYMENT_TARGET = 15.5;
				MTL_ENABLE_DEBUG_INFO = INCLUDE_SOURCE;
				MTL_FAST_MATH = YES;
				ONLY_ACTIVE_ARCH = YES;
				SDKROOT = iphoneos;
				SWIFT_ACTIVE_COMPILATION_CONDITIONS = DEBUG;
				SWIFT_OPTIMIZATION_LEVEL = "-Onone";
			};
			name = Debug;
		};
		FA8FF30B28D9F0A20047B76C /* Release */ = {
			isa = XCBuildConfiguration;
			buildSettings = {
				ALWAYS_SEARCH_USER_PATHS = NO;
				CLANG_ANALYZER_NONNULL = YES;
				CLANG_ANALYZER_NUMBER_OBJECT_CONVERSION = YES_AGGRESSIVE;
				CLANG_CXX_LANGUAGE_STANDARD = "gnu++17";
				CLANG_ENABLE_MODULES = YES;
				CLANG_ENABLE_OBJC_ARC = YES;
				CLANG_ENABLE_OBJC_WEAK = YES;
				CLANG_WARN_BLOCK_CAPTURE_AUTORELEASING = YES;
				CLANG_WARN_BOOL_CONVERSION = YES;
				CLANG_WARN_COMMA = YES;
				CLANG_WARN_CONSTANT_CONVERSION = YES;
				CLANG_WARN_DEPRECATED_OBJC_IMPLEMENTATIONS = YES;
				CLANG_WARN_DIRECT_OBJC_ISA_USAGE = YES_ERROR;
				CLANG_WARN_DOCUMENTATION_COMMENTS = YES;
				CLANG_WARN_EMPTY_BODY = YES;
				CLANG_WARN_ENUM_CONVERSION = YES;
				CLANG_WARN_INFINITE_RECURSION = YES;
				CLANG_WARN_INT_CONVERSION = YES;
				CLANG_WARN_NON_LITERAL_NULL_CONVERSION = YES;
				CLANG_WARN_OBJC_IMPLICIT_RETAIN_SELF = YES;
				CLANG_WARN_OBJC_LITERAL_CONVERSION = YES;
				CLANG_WARN_OBJC_ROOT_CLASS = YES_ERROR;
				CLANG_WARN_QUOTED_INCLUDE_IN_FRAMEWORK_HEADER = YES;
				CLANG_WARN_RANGE_LOOP_ANALYSIS = YES;
				CLANG_WARN_STRICT_PROTOTYPES = YES;
				CLANG_WARN_SUSPICIOUS_MOVE = YES;
				CLANG_WARN_UNGUARDED_AVAILABILITY = YES_AGGRESSIVE;
				CLANG_WARN_UNREACHABLE_CODE = YES;
				CLANG_WARN__DUPLICATE_METHOD_MATCH = YES;
				COPY_PHASE_STRIP = NO;
				DEBUG_INFORMATION_FORMAT = "dwarf-with-dsym";
				ENABLE_NS_ASSERTIONS = NO;
				ENABLE_STRICT_OBJC_MSGSEND = YES;
				GCC_C_LANGUAGE_STANDARD = gnu11;
				GCC_NO_COMMON_BLOCKS = YES;
				GCC_WARN_64_TO_32_BIT_CONVERSION = YES;
				GCC_WARN_ABOUT_RETURN_TYPE = YES_ERROR;
				GCC_WARN_UNDECLARED_SELECTOR = YES;
				GCC_WARN_UNINITIALIZED_AUTOS = YES_AGGRESSIVE;
				GCC_WARN_UNUSED_FUNCTION = YES;
				GCC_WARN_UNUSED_VARIABLE = YES;
				IPHONEOS_DEPLOYMENT_TARGET = 15.5;
				MTL_ENABLE_DEBUG_INFO = NO;
				MTL_FAST_MATH = YES;
				SDKROOT = iphoneos;
				SWIFT_COMPILATION_MODE = wholemodule;
				SWIFT_OPTIMIZATION_LEVEL = "-O";
				VALIDATE_PRODUCT = YES;
			};
			name = Release;
		};
		FA8FF30D28D9F0A20047B76C /* Debug */ = {
			isa = XCBuildConfiguration;
			buildSettings = {
				ASSETCATALOG_COMPILER_APPICON_NAME = AppIcon;
				ASSETCATALOG_COMPILER_GLOBAL_ACCENT_COLOR_NAME = AccentColor;
				CODE_SIGN_STYLE = Automatic;
				CURRENT_PROJECT_VERSION = 1;
				GENERATE_INFOPLIST_FILE = YES;
				INFOPLIST_FILE = Futurance_testcase/Info.plist;
				INFOPLIST_KEY_UIApplicationSupportsIndirectInputEvents = YES;
				INFOPLIST_KEY_UILaunchStoryboardName = LaunchScreen;
				INFOPLIST_KEY_UIMainStoryboardFile = Main;
				INFOPLIST_KEY_UISupportedInterfaceOrientations_iPad = "UIInterfaceOrientationPortrait UIInterfaceOrientationPortraitUpsideDown UIInterfaceOrientationLandscapeLeft UIInterfaceOrientationLandscapeRight";
				INFOPLIST_KEY_UISupportedInterfaceOrientations_iPhone = "UIInterfaceOrientationPortrait UIInterfaceOrientationLandscapeLeft UIInterfaceOrientationLandscapeRight";
				LD_RUNPATH_SEARCH_PATHS = (
					"$(inherited)",
					"@executable_path/Frameworks",
				);
				MARKETING_VERSION = 1.0;
				PRODUCT_BUNDLE_IDENTIFIER = "okan.Futurance-testcase";
				PRODUCT_NAME = "$(TARGET_NAME)";
				SWIFT_EMIT_LOC_STRINGS = YES;
				SWIFT_VERSION = 5.0;
				TARGETED_DEVICE_FAMILY = "1,2";
			};
			name = Debug;
		};
		FA8FF30E28D9F0A20047B76C /* Release */ = {
			isa = XCBuildConfiguration;
			buildSettings = {
				ASSETCATALOG_COMPILER_APPICON_NAME = AppIcon;
				ASSETCATALOG_COMPILER_GLOBAL_ACCENT_COLOR_NAME = AccentColor;
				CODE_SIGN_STYLE = Automatic;
				CURRENT_PROJECT_VERSION = 1;
				GENERATE_INFOPLIST_FILE = YES;
				INFOPLIST_FILE = Futurance_testcase/Info.plist;
				INFOPLIST_KEY_UIApplicationSupportsIndirectInputEvents = YES;
				INFOPLIST_KEY_UILaunchStoryboardName = LaunchScreen;
				INFOPLIST_KEY_UIMainStoryboardFile = Main;
				INFOPLIST_KEY_UISupportedInterfaceOrientations_iPad = "UIInterfaceOrientationPortrait UIInterfaceOrientationPortraitUpsideDown UIInterfaceOrientationLandscapeLeft UIInterfaceOrientationLandscapeRight";
				INFOPLIST_KEY_UISupportedInterfaceOrientations_iPhone = "UIInterfaceOrientationPortrait UIInterfaceOrientationLandscapeLeft UIInterfaceOrientationLandscapeRight";
				LD_RUNPATH_SEARCH_PATHS = (
					"$(inherited)",
					"@executable_path/Frameworks",
				);
				MARKETING_VERSION = 1.0;
				PRODUCT_BUNDLE_IDENTIFIER = "okan.Futurance-testcase";
				PRODUCT_NAME = "$(TARGET_NAME)";
				SWIFT_EMIT_LOC_STRINGS = YES;
				SWIFT_VERSION = 5.0;
				TARGETED_DEVICE_FAMILY = "1,2";
			};
			name = Release;
		};
		FA8FF31028D9F0A20047B76C /* Debug */ = {
			isa = XCBuildConfiguration;
			buildSettings = {
				ALWAYS_EMBED_SWIFT_STANDARD_LIBRARIES = YES;
				BUNDLE_LOADER = "$(TEST_HOST)";
				CODE_SIGN_STYLE = Automatic;
				CURRENT_PROJECT_VERSION = 1;
				GENERATE_INFOPLIST_FILE = YES;
				IPHONEOS_DEPLOYMENT_TARGET = 15.5;
				MARKETING_VERSION = 1.0;
				PRODUCT_BUNDLE_IDENTIFIER = "okan.Futurance-testcaseTests";
				PRODUCT_NAME = "$(TARGET_NAME)";
				SWIFT_EMIT_LOC_STRINGS = NO;
				SWIFT_VERSION = 5.0;
				TARGETED_DEVICE_FAMILY = "1,2";
				TEST_HOST = "$(BUILT_PRODUCTS_DIR)/Futurance_testcase.app/Futurance_testcase";
			};
			name = Debug;
		};
		FA8FF31128D9F0A20047B76C /* Release */ = {
			isa = XCBuildConfiguration;
			buildSettings = {
				ALWAYS_EMBED_SWIFT_STANDARD_LIBRARIES = YES;
				BUNDLE_LOADER = "$(TEST_HOST)";
				CODE_SIGN_STYLE = Automatic;
				CURRENT_PROJECT_VERSION = 1;
				GENERATE_INFOPLIST_FILE = YES;
				IPHONEOS_DEPLOYMENT_TARGET = 15.5;
				MARKETING_VERSION = 1.0;
				PRODUCT_BUNDLE_IDENTIFIER = "okan.Futurance-testcaseTests";
				PRODUCT_NAME = "$(TARGET_NAME)";
				SWIFT_EMIT_LOC_STRINGS = NO;
				SWIFT_VERSION = 5.0;
				TARGETED_DEVICE_FAMILY = "1,2";
				TEST_HOST = "$(BUILT_PRODUCTS_DIR)/Futurance_testcase.app/Futurance_testcase";
			};
			name = Release;
		};
		FA8FF31328D9F0A20047B76C /* Debug */ = {
			isa = XCBuildConfiguration;
			buildSettings = {
				ALWAYS_EMBED_SWIFT_STANDARD_LIBRARIES = YES;
				CODE_SIGN_STYLE = Automatic;
				CURRENT_PROJECT_VERSION = 1;
				GENERATE_INFOPLIST_FILE = YES;
				MARKETING_VERSION = 1.0;
				PRODUCT_BUNDLE_IDENTIFIER = "okan.Futurance-testcaseUITests";
				PRODUCT_NAME = "$(TARGET_NAME)";
				SWIFT_EMIT_LOC_STRINGS = NO;
				SWIFT_VERSION = 5.0;
				TARGETED_DEVICE_FAMILY = "1,2";
				TEST_TARGET_NAME = Futurance_testcase;
			};
			name = Debug;
		};
		FA8FF31428D9F0A20047B76C /* Release */ = {
			isa = XCBuildConfiguration;
			buildSettings = {
				ALWAYS_EMBED_SWIFT_STANDARD_LIBRARIES = YES;
				CODE_SIGN_STYLE = Automatic;
				CURRENT_PROJECT_VERSION = 1;
				GENERATE_INFOPLIST_FILE = YES;
				MARKETING_VERSION = 1.0;
				PRODUCT_BUNDLE_IDENTIFIER = "okan.Futurance-testcaseUITests";
				PRODUCT_NAME = "$(TARGET_NAME)";
				SWIFT_EMIT_LOC_STRINGS = NO;
				SWIFT_VERSION = 5.0;
				TARGETED_DEVICE_FAMILY = "1,2";
				TEST_TARGET_NAME = Futurance_testcase;
			};
			name = Release;
		};
/* End XCBuildConfiguration section */

/* Begin XCConfigurationList section */
		FA8FF2DD28D9F0990047B76C /* Build configuration list for PBXProject "Futurance_testcase" */ = {
			isa = XCConfigurationList;
			buildConfigurations = (
				FA8FF30A28D9F0A20047B76C /* Debug */,
				FA8FF30B28D9F0A20047B76C /* Release */,
			);
			defaultConfigurationIsVisible = 0;
			defaultConfigurationName = Release;
		};
		FA8FF30C28D9F0A20047B76C /* Build configuration list for PBXNativeTarget "Futurance_testcase" */ = {
			isa = XCConfigurationList;
			buildConfigurations = (
				FA8FF30D28D9F0A20047B76C /* Debug */,
				FA8FF30E28D9F0A20047B76C /* Release */,
			);
			defaultConfigurationIsVisible = 0;
			defaultConfigurationName = Release;
		};
		FA8FF30F28D9F0A20047B76C /* Build configuration list for PBXNativeTarget "Futurance_testcaseTests" */ = {
			isa = XCConfigurationList;
			buildConfigurations = (
				FA8FF31028D9F0A20047B76C /* Debug */,
				FA8FF31128D9F0A20047B76C /* Release */,
			);
			defaultConfigurationIsVisible = 0;
			defaultConfigurationName = Release;
		};
		FA8FF31228D9F0A20047B76C /* Build configuration list for PBXNativeTarget "Futurance_testcaseUITests" */ = {
			isa = XCConfigurationList;
			buildConfigurations = (
				FA8FF31328D9F0A20047B76C /* Debug */,
				FA8FF31428D9F0A20047B76C /* Release */,
			);
			defaultConfigurationIsVisible = 0;
			defaultConfigurationName = Release;
		};
/* End XCConfigurationList section */
	};
	rootObject = FA8FF2DA28D9F0990047B76C /* Project object */;
}
